
Microsoft Visual Studio Solution File, Format Version 12.00
# Visual Studio 2017
Project("{FAE04EC0-301F-11D3-BF4B-00C04F79EFBC}") = "ProjectZPMovement", "ProjectZPMovement.csproj", "{459E2337-64F7-7FD7-0B17-C3F94944A915}"
EndProject
Global
	GlobalSection(SolutionConfigurationPlatforms) = preSolution
		Debug|Any CPU = Debug|Any CPU
		Release|Any CPU = Release|Any CPU
	EndGlobalSection
	GlobalSection(ProjectConfigurationPlatforms) = postSolution
		{459E2337-64F7-7FD7-0B17-C3F94944A915}.Debug|Any CPU.ActiveCfg = Debug|Any CPU
		{459E2337-64F7-7FD7-0B17-C3F94944A915}.Debug|Any CPU.Build.0 = Debug|Any CPU
		{459E2337-64F7-7FD7-0B17-C3F94944A915}.Release|Any CPU.ActiveCfg = Release|Any CPU
		{459E2337-64F7-7FD7-0B17-C3F94944A915}.Release|Any CPU.Build.0 = Release|Any CPU
	EndGlobalSection
	GlobalSection(SolutionProperties) = preSolution
		HideSolutionNode = FALSE
	EndGlobalSection
EndGlobal
